<?xml version="1.0" encoding="UTF-8" standalone="yes" ?>
<CodeBlocks_project_file>
	<FileVersion major="1" minor="6" />
	<Project>
		<Option title="Twentie" />
		<Option pch_mode="2" />
		<Option compiler="gcc" />
		<Build>
			<Target title="Debug">
				<Option output="bin/Debug/Twentie" prefix_auto="1" extension_auto="1" />
				<Option object_output="obj/Debug/" />
				<Option type="1" />
				<Option compiler="gcc" />
				<Option projectCompilerOptionsRelation="0" />
				<Compiler>
					<Add option="-g" />
					<Add directory="src" />
				</Compiler>
			</Target>
			<Target title="Release">
				<Option output="bin/Release/Twentie" prefix_auto="1" extension_auto="1" />
				<Option object_output="obj/Release/" />
				<Option type="1" />
				<Option compiler="gcc" />
				<Compiler>
					<Add option="-O2" />
				</Compiler>
				<Linker>
					<Add option="-s" />
				</Linker>
			</Target>
		</Build>
		<Compiler>
			<Add option="-std=c++11" />
			<Add option="-Wall" />
			<Add option="-fexceptions" />
			<Add option="-pthread" />
		</Compiler>
		<Linker>
			<Add option="-pthread" />
		</Linker>
		<Unit filename="src/Controller.cpp" />
		<Unit filename="src/Controller.h" />
		<Unit filename="src/Logic.cpp" />
		<Unit filename="src/Logic.h" />
		<Unit filename="src/Main.cpp" />
		<Unit filename="src/State.cpp" />
		<Unit filename="src/State.h" />
		<Unit filename="src/Types.h" />
		<Unit filename="src/action/Action.h" />
		<Unit filename="src/action/AllActions.h" />
		<Unit filename="src/action/DI.cpp" />
		<Unit filename="src/action/DI.h" />
		<Unit filename="src/action/Doublejump.cpp" />
		<Unit filename="src/action/Doublejump.h" />
		<Unit filename="src/action/FoxSideB.cpp" />
		<Unit filename="src/action/FoxSideB.h" />
		<Unit filename="src/action/FoxUpB.cpp" />
		<Unit filename="src/action/FoxUpB.h" />
		<Unit filename="src/action/Ledgedash.cpp" />
		<Unit filename="src/action/Ledgedash.h" />
		<Unit filename="src/action/OnSpawn.cpp" />
		<Unit filename="src/action/OnSpawn.h" />
		<Unit filename="src/action/Tech.cpp" />
		<Unit filename="src/action/Tech.h" />
		<Unit filename="src/ai/AI.h" />
		<Unit filename="src/ai/SandbagAI.cpp" />
		<Unit filename="src/ai/SandbagAI.h" />
		<Extensions>
			<code_completion />
			<envvars />
			<debugger />
			<lib_finder disable_auto="1" />
		</Extensions>
	</Project>
</CodeBlocks_project_file>
